
Microsoft Visual Studio Solution File, Format Version 12.00
# Visual Studio 2013
VisualStudioVersion = 12.0.30501.0
MinimumVisualStudioVersion = 10.0.40219.1
Project("{FAE04EC0-301F-11D3-BF4B-00C04F79EFBC}") = "DragonNews.Web", "DragonNews.Web\DragonNews.Web.csproj", "{EDBBB549-69AB-4DB3-82D5-1A77D0929660}"
EndProject
Project("{FAE04EC0-301F-11D3-BF4B-00C04F79EFBC}") = "DragonNews.Member", "DragonNews.Member\DragonNews.Member.csproj", "{AC98DE25-2F1B-438E-A246-21E051FDD491}"
EndProject
Project("{FAE04EC0-301F-11D3-BF4B-00C04F79EFBC}") = "DragonNews.News", "DragonNews.News\DragonNews.News.csproj", "{571BF710-1C44-4ED5-989A-67622FBC6390}"
EndProject
Project("{FAE04EC0-301F-11D3-BF4B-00C04F79EFBC}") = "DragonNews.DataAccess", "DragonNews.DataAccess\DragonNews.DataAccess.csproj", "{AA0B3087-0872-46A6-A42C-894B7A9EE9AA}"
EndProject
Project("{F088123C-0E9E-452A-89E6-6BA2F21D5CAC}") = "DragonNews.Model", "DragonNews.Model\DragonNews.Model.modelproj", "{2B8D8C93-89A2-4517-91AF-19EB8B6E5760}"
EndProject
Global
	GlobalSection(SolutionConfigurationPlatforms) = preSolution
		Debug|Any CPU = Debug|Any CPU
		Release|Any CPU = Release|Any CPU
	EndGlobalSection
	GlobalSection(ProjectConfigurationPlatforms) = postSolution
		{EDBBB549-69AB-4DB3-82D5-1A77D0929660}.Debug|Any CPU.ActiveCfg = Debug|Any CPU
		{EDBBB549-69AB-4DB3-82D5-1A77D0929660}.Debug|Any CPU.Build.0 = Debug|Any CPU
		{EDBBB549-69AB-4DB3-82D5-1A77D0929660}.Release|Any CPU.ActiveCfg = Release|Any CPU
		{EDBBB549-69AB-4DB3-82D5-1A77D0929660}.Release|Any CPU.Build.0 = Release|Any CPU
		{AC98DE25-2F1B-438E-A246-21E051FDD491}.Debug|Any CPU.ActiveCfg = Debug|Any CPU
		{AC98DE25-2F1B-438E-A246-21E051FDD491}.Debug|Any CPU.Build.0 = Debug|Any CPU
		{AC98DE25-2F1B-438E-A246-21E051FDD491}.Release|Any CPU.ActiveCfg = Release|Any CPU
		{AC98DE25-2F1B-438E-A246-21E051FDD491}.Release|Any CPU.Build.0 = Release|Any CPU
		{571BF710-1C44-4ED5-989A-67622FBC6390}.Debug|Any CPU.ActiveCfg = Debug|Any CPU
		{571BF710-1C44-4ED5-989A-67622FBC6390}.Debug|Any CPU.Build.0 = Debug|Any CPU
		{571BF710-1C44-4ED5-989A-67622FBC6390}.Release|Any CPU.ActiveCfg = Release|Any CPU
		{571BF710-1C44-4ED5-989A-67622FBC6390}.Release|Any CPU.Build.0 = Release|Any CPU
		{AA0B3087-0872-46A6-A42C-894B7A9EE9AA}.Debug|Any CPU.ActiveCfg = Debug|Any CPU
		{AA0B3087-0872-46A6-A42C-894B7A9EE9AA}.Debug|Any CPU.Build.0 = Debug|Any CPU
		{AA0B3087-0872-46A6-A42C-894B7A9EE9AA}.Release|Any CPU.ActiveCfg = Release|Any CPU
		{AA0B3087-0872-46A6-A42C-894B7A9EE9AA}.Release|Any CPU.Build.0 = Release|Any CPU
		{2B8D8C93-89A2-4517-91AF-19EB8B6E5760}.Debug|Any CPU.ActiveCfg = Debug|Any CPU
		{2B8D8C93-89A2-4517-91AF-19EB8B6E5760}.Debug|Any CPU.Build.0 = Debug|Any CPU
		{2B8D8C93-89A2-4517-91AF-19EB8B6E5760}.Release|Any CPU.ActiveCfg = Release|Any CPU
		{2B8D8C93-89A2-4517-91AF-19EB8B6E5760}.Release|Any CPU.Build.0 = Release|Any CPU
	EndGlobalSection
	GlobalSection(SolutionProperties) = preSolution
		HideSolutionNode = FALSE
	EndGlobalSection
EndGlobal
