
Microsoft Visual Studio Solution File, Format Version 12.00
# Visual Studio 2013
VisualStudioVersion = 12.0.30501.0
MinimumVisualStudioVersion = 10.0.40219.1
Project("{FAE04EC0-301F-11D3-BF4B-00C04F79EFBC}") = "HelloWorldService", "HelloWorldService\HelloWorldService.csproj", "{8F293876-399D-4622-A771-BC30361590EC}"
EndProject
Project("{FAE04EC0-301F-11D3-BF4B-00C04F79EFBC}") = "HostDevServer", "HostDevServer\HostDevServer.csproj", "{B64FA652-0DA1-4BAD-93A2-D8E8AE27CE07}"
EndProject
Global
	GlobalSection(SolutionConfigurationPlatforms) = preSolution
		Debug|Any CPU = Debug|Any CPU
		Release|Any CPU = Release|Any CPU
	EndGlobalSection
	GlobalSection(ProjectConfigurationPlatforms) = postSolution
		{8F293876-399D-4622-A771-BC30361590EC}.Debug|Any CPU.ActiveCfg = Debug|Any CPU
		{8F293876-399D-4622-A771-BC30361590EC}.Debug|Any CPU.Build.0 = Debug|Any CPU
		{8F293876-399D-4622-A771-BC30361590EC}.Release|Any CPU.ActiveCfg = Release|Any CPU
		{8F293876-399D-4622-A771-BC30361590EC}.Release|Any CPU.Build.0 = Release|Any CPU
		{B64FA652-0DA1-4BAD-93A2-D8E8AE27CE07}.Debug|Any CPU.ActiveCfg = Debug|Any CPU
		{B64FA652-0DA1-4BAD-93A2-D8E8AE27CE07}.Debug|Any CPU.Build.0 = Debug|Any CPU
		{B64FA652-0DA1-4BAD-93A2-D8E8AE27CE07}.Release|Any CPU.ActiveCfg = Release|Any CPU
		{B64FA652-0DA1-4BAD-93A2-D8E8AE27CE07}.Release|Any CPU.Build.0 = Release|Any CPU
	EndGlobalSection
	GlobalSection(SolutionProperties) = preSolution
		HideSolutionNode = FALSE
	EndGlobalSection
EndGlobal
